// !$*UTF8*$!
{
	archiveVersion = 1;
	classes = {
	};
	objectVersion = 60;
	objects = {

/* Begin PBXBuildFile section */
		36378EBD2CA61900008A2F5E /* GenreDataModel.swift in Sources */ = {isa = PBXBuildFile; fileRef = 36378EBC2CA61900008A2F5E /* GenreDataModel.swift */; };
		363BFD162CB8825E00984278 /* DIContainer.swift in Sources */ = {isa = PBXBuildFile; fileRef = 363BFD152CB8825E00984278 /* DIContainer.swift */; };
		3669EB6D2CA9A6C90039A966 /* MovieNetworkManager.swift in Sources */ = {isa = PBXBuildFile; fileRef = 3669EB6C2CA9A6C90039A966 /* MovieNetworkManager.swift */; };
		3669EB722CA9A7950039A966 /* TrendingMoviesViewModel.swift in Sources */ = {isa = PBXBuildFile; fileRef = 3669EB712CA9A7950039A966 /* TrendingMoviesViewModel.swift */; };
		3669EB752CA9AD2F0039A966 /* TrendingMediaRerpository.swift in Sources */ = {isa = PBXBuildFile; fileRef = 3669EB742CA9AD2F0039A966 /* TrendingMediaRerpository.swift */; };
		36759C422CA9B816007F36DB /* GetTrendingUseCase.swift in Sources */ = {isa = PBXBuildFile; fileRef = 36759C412CA9B816007F36DB /* GetTrendingUseCase.swift */; };
		36759C462CAAB2FA007F36DB /* MediaDetailsRepo.swift in Sources */ = {isa = PBXBuildFile; fileRef = 36759C452CAAB2FA007F36DB /* MediaDetailsRepo.swift */; };
		36759C4A2CAABB5B007F36DB /* AddFavoriteUseCase.swift in Sources */ = {isa = PBXBuildFile; fileRef = 36759C492CAABB5B007F36DB /* AddFavoriteUseCase.swift */; };
		36759C4C2CAABB71007F36DB /* AddRatingUseCase.swift in Sources */ = {isa = PBXBuildFile; fileRef = 36759C4B2CAABB71007F36DB /* AddRatingUseCase.swift */; };
		36759C4E2CAABB7E007F36DB /* FetchImageUseCase.swift in Sources */ = {isa = PBXBuildFile; fileRef = 36759C4D2CAABB7E007F36DB /* FetchImageUseCase.swift */; };
		367A548B2CB457C8005EA63F /* BackgroundImage.swift in Sources */ = {isa = PBXBuildFile; fileRef = 367A548A2CB457C8005EA63F /* BackgroundImage.swift */; };
		367A548D2CB457FD005EA63F /* MediaImage.swift in Sources */ = {isa = PBXBuildFile; fileRef = 367A548C2CB457FD005EA63F /* MediaImage.swift */; };
		367A548F2CB45829005EA63F /* MediaDetails.swift in Sources */ = {isa = PBXBuildFile; fileRef = 367A548E2CB45829005EA63F /* MediaDetails.swift */; };
		367A54912CB45A44005EA63F /* MainView.swift in Sources */ = {isa = PBXBuildFile; fileRef = 367A54902CB45A44005EA63F /* MainView.swift */; };
		369CF7382CB00D4300A5CAB4 /* RatingView.swift in Sources */ = {isa = PBXBuildFile; fileRef = 369CF7372CB00D4300A5CAB4 /* RatingView.swift */; };
		369CF73E2CB1CDC400A5CAB4 /* AddwhishlistUseCase.swift in Sources */ = {isa = PBXBuildFile; fileRef = 369CF73D2CB1CDC400A5CAB4 /* AddwhishlistUseCase.swift */; };
		369CF7402CB2B00800A5CAB4 /* FetchTrailersUseCase.swift in Sources */ = {isa = PBXBuildFile; fileRef = 369CF73F2CB2B00800A5CAB4 /* FetchTrailersUseCase.swift */; };
		369CF7422CB2D32000A5CAB4 /* MovieRSDTO.swift in Sources */ = {isa = PBXBuildFile; fileRef = 369CF7412CB2D32000A5CAB4 /* MovieRSDTO.swift */; };
		369CF7442CB2FD1F00A5CAB4 /* Youtubeplayer.swift in Sources */ = {isa = PBXBuildFile; fileRef = 369CF7432CB2FD1F00A5CAB4 /* Youtubeplayer.swift */; };
		369CF7462CB2FEB100A5CAB4 /* File.swift in Sources */ = {isa = PBXBuildFile; fileRef = 369CF7452CB2FEB100A5CAB4 /* File.swift */; };
		36D23EBD2CA9817700088540 /* TrendingMovieDTO.swift in Sources */ = {isa = PBXBuildFile; fileRef = 36D23EBC2CA9817700088540 /* TrendingMovieDTO.swift */; };
		36D23EBF2CA99DA500088540 /* MovieEntity.swift in Sources */ = {isa = PBXBuildFile; fileRef = 36D23EBE2CA99DA500088540 /* MovieEntity.swift */; };
		36D23EC12CA9A05900088540 /* TrendingMovieMapper.swift in Sources */ = {isa = PBXBuildFile; fileRef = 36D23EC02CA9A05900088540 /* TrendingMovieMapper.swift */; };
		36E3D8DA2CB8877C00FE87A3 /* ToolbarView.swift in Sources */ = {isa = PBXBuildFile; fileRef = 36E3D8D92CB8877C00FE87A3 /* ToolbarView.swift */; };
		36E3D8DC2CB887AD00FE87A3 /* SearchableView.swift in Sources */ = {isa = PBXBuildFile; fileRef = 36E3D8DB2CB887AD00FE87A3 /* SearchableView.swift */; };
		36E3D8DE2CB887F900FE87A3 /* PopularView.swift in Sources */ = {isa = PBXBuildFile; fileRef = 36E3D8DD2CB887F900FE87A3 /* PopularView.swift */; };
		36E3D8E02CB8880C00FE87A3 /* MoreView.swift in Sources */ = {isa = PBXBuildFile; fileRef = 36E3D8DF2CB8880C00FE87A3 /* MoreView.swift */; };
		36E48CB62CA5F1480099622D /* MainMovieProjectApp.swift in Sources */ = {isa = PBXBuildFile; fileRef = 36E48CB52CA5F1480099622D /* MainMovieProjectApp.swift */; };
		36E48CB82CA5F1480099622D /* TrendingView.swift in Sources */ = {isa = PBXBuildFile; fileRef = 36E48CB72CA5F1480099622D /* TrendingView.swift */; };
		36E48CC82CA5F1490099622D /* MainMovieProjectTests.swift in Sources */ = {isa = PBXBuildFile; fileRef = 36E48CC72CA5F1490099622D /* MainMovieProjectTests.swift */; };
		36E48CD22CA5F1490099622D /* MainMovieProjectUITests.swift in Sources */ = {isa = PBXBuildFile; fileRef = 36E48CD12CA5F1490099622D /* MainMovieProjectUITests.swift */; };
		36E48CD42CA5F1490099622D /* MainMovieProjectUITestsLaunchTests.swift in Sources */ = {isa = PBXBuildFile; fileRef = 36E48CD32CA5F1490099622D /* MainMovieProjectUITestsLaunchTests.swift */; };
		36E48CE12CA5F2BC0099622D /* MediaCard.swift in Sources */ = {isa = PBXBuildFile; fileRef = 36E48CE02CA5F2BC0099622D /* MediaCard.swift */; };
		36E48CE32CA5F31D0099622D /* Leftbuttons.swift in Sources */ = {isa = PBXBuildFile; fileRef = 36E48CE22CA5F31D0099622D /* Leftbuttons.swift */; };
		36E48CE52CA5F3720099622D /* MediaCardViewModel.swift in Sources */ = {isa = PBXBuildFile; fileRef = 36E48CE42CA5F3720099622D /* MediaCardViewModel.swift */; };
		36E48CEA2CA5F3CC0099622D /* LoginPackage in Frameworks */ = {isa = PBXBuildFile; productRef = 36E48CE92CA5F3CC0099622D /* LoginPackage */; };
/* End PBXBuildFile section */

/* Begin PBXContainerItemProxy section */
		36E48CC42CA5F1490099622D /* PBXContainerItemProxy */ = {
			isa = PBXContainerItemProxy;
			containerPortal = 36E48CAA2CA5F1480099622D /* Project object */;
			proxyType = 1;
			remoteGlobalIDString = 36E48CB12CA5F1480099622D;
			remoteInfo = MainMovieProject;
		};
		36E48CCE2CA5F1490099622D /* PBXContainerItemProxy */ = {
			isa = PBXContainerItemProxy;
			containerPortal = 36E48CAA2CA5F1480099622D /* Project object */;
			proxyType = 1;
			remoteGlobalIDString = 36E48CB12CA5F1480099622D;
			remoteInfo = MainMovieProject;
		};
/* End PBXContainerItemProxy section */

/* Begin PBXFileReference section */
		36378EBC2CA61900008A2F5E /* GenreDataModel.swift */ = {isa = PBXFileReference; lastKnownFileType = sourcecode.swift; path = GenreDataModel.swift; sourceTree = "<group>"; };
		363BFD152CB8825E00984278 /* DIContainer.swift */ = {isa = PBXFileReference; lastKnownFileType = sourcecode.swift; path = DIContainer.swift; sourceTree = "<group>"; };
		3669EB6C2CA9A6C90039A966 /* MovieNetworkManager.swift */ = {isa = PBXFileReference; lastKnownFileType = sourcecode.swift; path = MovieNetworkManager.swift; sourceTree = "<group>"; };
		3669EB712CA9A7950039A966 /* TrendingMoviesViewModel.swift */ = {isa = PBXFileReference; lastKnownFileType = sourcecode.swift; path = TrendingMoviesViewModel.swift; sourceTree = "<group>"; };
		3669EB742CA9AD2F0039A966 /* TrendingMediaRerpository.swift */ = {isa = PBXFileReference; lastKnownFileType = sourcecode.swift; path = TrendingMediaRerpository.swift; sourceTree = "<group>"; };
		36759C412CA9B816007F36DB /* GetTrendingUseCase.swift */ = {isa = PBXFileReference; lastKnownFileType = sourcecode.swift; path = GetTrendingUseCase.swift; sourceTree = "<group>"; };
		36759C452CAAB2FA007F36DB /* MediaDetailsRepo.swift */ = {isa = PBXFileReference; lastKnownFileType = sourcecode.swift; path = MediaDetailsRepo.swift; sourceTree = "<group>"; };
		36759C492CAABB5B007F36DB /* AddFavoriteUseCase.swift */ = {isa = PBXFileReference; lastKnownFileType = sourcecode.swift; path = AddFavoriteUseCase.swift; sourceTree = "<group>"; };
		36759C4B2CAABB71007F36DB /* AddRatingUseCase.swift */ = {isa = PBXFileReference; lastKnownFileType = sourcecode.swift; path = AddRatingUseCase.swift; sourceTree = "<group>"; };
		36759C4D2CAABB7E007F36DB /* FetchImageUseCase.swift */ = {isa = PBXFileReference; lastKnownFileType = sourcecode.swift; path = FetchImageUseCase.swift; sourceTree = "<group>"; };
		367A548A2CB457C8005EA63F /* BackgroundImage.swift */ = {isa = PBXFileReference; lastKnownFileType = sourcecode.swift; path = BackgroundImage.swift; sourceTree = "<group>"; };
		367A548C2CB457FD005EA63F /* MediaImage.swift */ = {isa = PBXFileReference; lastKnownFileType = sourcecode.swift; path = MediaImage.swift; sourceTree = "<group>"; };
		367A548E2CB45829005EA63F /* MediaDetails.swift */ = {isa = PBXFileReference; lastKnownFileType = sourcecode.swift; path = MediaDetails.swift; sourceTree = "<group>"; };
		367A54902CB45A44005EA63F /* MainView.swift */ = {isa = PBXFileReference; lastKnownFileType = sourcecode.swift; path = MainView.swift; sourceTree = "<group>"; };
		369CF7372CB00D4300A5CAB4 /* RatingView.swift */ = {isa = PBXFileReference; lastKnownFileType = sourcecode.swift; path = RatingView.swift; sourceTree = "<group>"; };
		369CF73D2CB1CDC400A5CAB4 /* AddwhishlistUseCase.swift */ = {isa = PBXFileReference; lastKnownFileType = sourcecode.swift; path = AddwhishlistUseCase.swift; sourceTree = "<group>"; };
		369CF73F2CB2B00800A5CAB4 /* FetchTrailersUseCase.swift */ = {isa = PBXFileReference; lastKnownFileType = sourcecode.swift; path = FetchTrailersUseCase.swift; sourceTree = "<group>"; };
		369CF7412CB2D32000A5CAB4 /* MovieRSDTO.swift */ = {isa = PBXFileReference; lastKnownFileType = sourcecode.swift; path = MovieRSDTO.swift; sourceTree = "<group>"; };
		369CF7432CB2FD1F00A5CAB4 /* Youtubeplayer.swift */ = {isa = PBXFileReference; lastKnownFileType = sourcecode.swift; path = Youtubeplayer.swift; sourceTree = "<group>"; };
		369CF7452CB2FEB100A5CAB4 /* File.swift */ = {isa = PBXFileReference; lastKnownFileType = sourcecode.swift; path = File.swift; sourceTree = "<group>"; };
		36D23EBC2CA9817700088540 /* TrendingMovieDTO.swift */ = {isa = PBXFileReference; lastKnownFileType = sourcecode.swift; path = TrendingMovieDTO.swift; sourceTree = "<group>"; };
		36D23EBE2CA99DA500088540 /* MovieEntity.swift */ = {isa = PBXFileReference; lastKnownFileType = sourcecode.swift; path = MovieEntity.swift; sourceTree = "<group>"; };
		36D23EC02CA9A05900088540 /* TrendingMovieMapper.swift */ = {isa = PBXFileReference; lastKnownFileType = sourcecode.swift; path = TrendingMovieMapper.swift; sourceTree = "<group>"; };
		36E3D8D92CB8877C00FE87A3 /* ToolbarView.swift */ = {isa = PBXFileReference; lastKnownFileType = sourcecode.swift; path = ToolbarView.swift; sourceTree = "<group>"; };
		36E3D8DB2CB887AD00FE87A3 /* SearchableView.swift */ = {isa = PBXFileReference; lastKnownFileType = sourcecode.swift; path = SearchableView.swift; sourceTree = "<group>"; };
		36E3D8DD2CB887F900FE87A3 /* PopularView.swift */ = {isa = PBXFileReference; lastKnownFileType = sourcecode.swift; path = PopularView.swift; sourceTree = "<group>"; };
		36E3D8DF2CB8880C00FE87A3 /* MoreView.swift */ = {isa = PBXFileReference; lastKnownFileType = sourcecode.swift; path = MoreView.swift; sourceTree = "<group>"; };
		36E48CB22CA5F1480099622D /* MainMovieProject.app */ = {isa = PBXFileReference; explicitFileType = wrapper.application; includeInIndex = 0; path = MainMovieProject.app; sourceTree = BUILT_PRODUCTS_DIR; };
		36E48CB52CA5F1480099622D /* MainMovieProjectApp.swift */ = {isa = PBXFileReference; lastKnownFileType = sourcecode.swift; path = MainMovieProjectApp.swift; sourceTree = "<group>"; };
		36E48CB72CA5F1480099622D /* TrendingView.swift */ = {isa = PBXFileReference; lastKnownFileType = sourcecode.swift; path = TrendingView.swift; sourceTree = "<group>"; };
		36E48CB92CA5F1490099622D /* Assets.xcassets */ = {isa = PBXFileReference; lastKnownFileType = folder.assetcatalog; path = Assets.xcassets; sourceTree = "<group>"; };
		36E48CBB2CA5F1490099622D /* MainMovieProject.entitlements */ = {isa = PBXFileReference; lastKnownFileType = text.plist.entitlements; path = MainMovieProject.entitlements; sourceTree = "<group>"; };
		36E48CBD2CA5F1490099622D /* Preview Assets.xcassets */ = {isa = PBXFileReference; lastKnownFileType = folder.assetcatalog; path = "Preview Assets.xcassets"; sourceTree = "<group>"; };
		36E48CC32CA5F1490099622D /* MainMovieProjectTests.xctest */ = {isa = PBXFileReference; explicitFileType = wrapper.cfbundle; includeInIndex = 0; path = MainMovieProjectTests.xctest; sourceTree = BUILT_PRODUCTS_DIR; };
		36E48CC72CA5F1490099622D /* MainMovieProjectTests.swift */ = {isa = PBXFileReference; lastKnownFileType = sourcecode.swift; path = MainMovieProjectTests.swift; sourceTree = "<group>"; };
		36E48CCD2CA5F1490099622D /* MainMovieProjectUITests.xctest */ = {isa = PBXFileReference; explicitFileType = wrapper.cfbundle; includeInIndex = 0; path = MainMovieProjectUITests.xctest; sourceTree = BUILT_PRODUCTS_DIR; };
		36E48CD12CA5F1490099622D /* MainMovieProjectUITests.swift */ = {isa = PBXFileReference; lastKnownFileType = sourcecode.swift; path = MainMovieProjectUITests.swift; sourceTree = "<group>"; };
		36E48CD32CA5F1490099622D /* MainMovieProjectUITestsLaunchTests.swift */ = {isa = PBXFileReference; lastKnownFileType = sourcecode.swift; path = MainMovieProjectUITestsLaunchTests.swift; sourceTree = "<group>"; };
		36E48CE02CA5F2BC0099622D /* MediaCard.swift */ = {isa = PBXFileReference; lastKnownFileType = sourcecode.swift; path = MediaCard.swift; sourceTree = "<group>"; };
		36E48CE22CA5F31D0099622D /* Leftbuttons.swift */ = {isa = PBXFileReference; lastKnownFileType = sourcecode.swift; path = Leftbuttons.swift; sourceTree = "<group>"; };
		36E48CE42CA5F3720099622D /* MediaCardViewModel.swift */ = {isa = PBXFileReference; lastKnownFileType = sourcecode.swift; path = MediaCardViewModel.swift; sourceTree = "<group>"; };
/* End PBXFileReference section */

/* Begin PBXFrameworksBuildPhase section */
		36E48CAF2CA5F1480099622D /* Frameworks */ = {
			isa = PBXFrameworksBuildPhase;
			buildActionMask = 2147483647;
			files = (
				36E48CEA2CA5F3CC0099622D /* LoginPackage in Frameworks */,
			);
			runOnlyForDeploymentPostprocessing = 0;
		};
		36E48CC02CA5F1490099622D /* Frameworks */ = {
			isa = PBXFrameworksBuildPhase;
			buildActionMask = 2147483647;
			files = (
			);
			runOnlyForDeploymentPostprocessing = 0;
		};
		36E48CCA2CA5F1490099622D /* Frameworks */ = {
			isa = PBXFrameworksBuildPhase;
			buildActionMask = 2147483647;
			files = (
			);
			runOnlyForDeploymentPostprocessing = 0;
		};
/* End PBXFrameworksBuildPhase section */

/* Begin PBXGroup section */
		362DEE772CA836F30034608E /* Domain */ = {
			isa = PBXGroup;
			children = (
				362DEE812CA848CE0034608E /* UsesCases */,
				362DEE7D2CA8488C0034608E /* Entities */,
			);
			path = Domain;
			sourceTree = "<group>";
		};
		362DEE792CA8370A0034608E /* Presenetation */ = {
			isa = PBXGroup;
			children = (
				36759C442CA9E3D3007F36DB /* Views */,
				36759C432CA9E3BE007F36DB /* ViewModel */,
			);
			path = Presenetation;
			sourceTree = "<group>";
		};
		362DEE7A2CA837400034608E /* Utils */ = {
			isa = PBXGroup;
			children = (
				369CF7452CB2FEB100A5CAB4 /* File.swift */,
			);
			path = Utils;
			sourceTree = "<group>";
		};
		362DEE7D2CA8488C0034608E /* Entities */ = {
			isa = PBXGroup;
			children = (
				36D23EBE2CA99DA500088540 /* MovieEntity.swift */,
			);
			path = Entities;
			sourceTree = "<group>";
		};
		362DEE802CA848C00034608E /* Data */ = {
			isa = PBXGroup;
			children = (
				3669EB6E2CA9A7520039A966 /* Repository */,
				362DEE8C2CA8C57C0034608E /* Mapper */,
				362DEE8B2CA8C5730034608E /* DTO */,
				362DEE872CA849670034608E /* Network */,
			);
			path = Data;
			sourceTree = "<group>";
		};
		362DEE812CA848CE0034608E /* UsesCases */ = {
			isa = PBXGroup;
			children = (
				36759C412CA9B816007F36DB /* GetTrendingUseCase.swift */,
				36759C492CAABB5B007F36DB /* AddFavoriteUseCase.swift */,
				36759C4B2CAABB71007F36DB /* AddRatingUseCase.swift */,
				369CF73D2CB1CDC400A5CAB4 /* AddwhishlistUseCase.swift */,
				36759C4D2CAABB7E007F36DB /* FetchImageUseCase.swift */,
				369CF73F2CB2B00800A5CAB4 /* FetchTrailersUseCase.swift */,
			);
			path = UsesCases;
			sourceTree = "<group>";
		};
		362DEE872CA849670034608E /* Network */ = {
			isa = PBXGroup;
			children = (
				3669EB6C2CA9A6C90039A966 /* MovieNetworkManager.swift */,
			);
			path = Network;
			sourceTree = "<group>";
		};
		362DEE8B2CA8C5730034608E /* DTO */ = {
			isa = PBXGroup;
			children = (
				36D23EBC2CA9817700088540 /* TrendingMovieDTO.swift */,
				369CF7412CB2D32000A5CAB4 /* MovieRSDTO.swift */,
			);
			path = DTO;
			sourceTree = "<group>";
		};
		362DEE8C2CA8C57C0034608E /* Mapper */ = {
			isa = PBXGroup;
			children = (
				36D23EC02CA9A05900088540 /* TrendingMovieMapper.swift */,
			);
			path = Mapper;
			sourceTree = "<group>";
		};
		363BFD172CB8863800984278 /* MainView */ = {
			isa = PBXGroup;
			children = (
				367A54902CB45A44005EA63F /* MainView.swift */,
				36E3D8D92CB8877C00FE87A3 /* ToolbarView.swift */,
			);
			path = MainView;
			sourceTree = "<group>";
		};
		3669EB6E2CA9A7520039A966 /* Repository */ = {
			isa = PBXGroup;
			children = (
				3669EB742CA9AD2F0039A966 /* TrendingMediaRerpository.swift */,
				36759C452CAAB2FA007F36DB /* MediaDetailsRepo.swift */,
			);
			path = Repository;
			sourceTree = "<group>";
		};
		36759C432CA9E3BE007F36DB /* ViewModel */ = {
			isa = PBXGroup;
			children = (
				3669EB712CA9A7950039A966 /* TrendingMoviesViewModel.swift */,
				36E48CE42CA5F3720099622D /* MediaCardViewModel.swift */,
			);
			path = ViewModel;
			sourceTree = "<group>";
		};
		36759C442CA9E3D3007F36DB /* Views */ = {
			isa = PBXGroup;
			children = (
				363BFD172CB8863800984278 /* MainView */,
				36E48CB72CA5F1480099622D /* TrendingView.swift */,
				36E3D8DD2CB887F900FE87A3 /* PopularView.swift */,
				36E3D8DB2CB887AD00FE87A3 /* SearchableView.swift */,
				36E3D8DF2CB8880C00FE87A3 /* MoreView.swift */,
				367A54892CB457AD005EA63F /* MediCardViews */,
				36E48CE22CA5F31D0099622D /* Leftbuttons.swift */,
				369CF7372CB00D4300A5CAB4 /* RatingView.swift */,
				369CF7432CB2FD1F00A5CAB4 /* Youtubeplayer.swift */,
			);
			path = Views;
			sourceTree = "<group>";
		};
		367A54892CB457AD005EA63F /* MediCardViews */ = {
			isa = PBXGroup;
			children = (
				36E48CE02CA5F2BC0099622D /* MediaCard.swift */,
				367A548A2CB457C8005EA63F /* BackgroundImage.swift */,
				367A548C2CB457FD005EA63F /* MediaImage.swift */,
				367A548E2CB45829005EA63F /* MediaDetails.swift */,
			);
			path = MediCardViews;
			sourceTree = "<group>";
		};
		36E48CA92CA5F1480099622D = {
			isa = PBXGroup;
			children = (
				36E48CB42CA5F1480099622D /* MainMovieProject */,
				36E48CC62CA5F1490099622D /* MainMovieProjectTests */,
				36E48CD02CA5F1490099622D /* MainMovieProjectUITests */,
				36E48CB32CA5F1480099622D /* Products */,
			);
			sourceTree = "<group>";
		};
		36E48CB32CA5F1480099622D /* Products */ = {
			isa = PBXGroup;
			children = (
				36E48CB22CA5F1480099622D /* MainMovieProject.app */,
				36E48CC32CA5F1490099622D /* MainMovieProjectTests.xctest */,
				36E48CCD2CA5F1490099622D /* MainMovieProjectUITests.xctest */,
			);
			name = Products;
			sourceTree = "<group>";
		};
		36E48CB42CA5F1480099622D /* MainMovieProject */ = {
			isa = PBXGroup;
			children = (
				363BFD152CB8825E00984278 /* DIContainer.swift */,
				36E48CB52CA5F1480099622D /* MainMovieProjectApp.swift */,
				362DEE772CA836F30034608E /* Domain */,
				362DEE802CA848C00034608E /* Data */,
				362DEE792CA8370A0034608E /* Presenetation */,
				362DEE7A2CA837400034608E /* Utils */,
				36378EBC2CA61900008A2F5E /* GenreDataModel.swift */,
				36E48CB92CA5F1490099622D /* Assets.xcassets */,
				36E48CBB2CA5F1490099622D /* MainMovieProject.entitlements */,
				36E48CBC2CA5F1490099622D /* Preview Content */,
			);
			path = MainMovieProject;
			sourceTree = "<group>";
		};
		36E48CBC2CA5F1490099622D /* Preview Content */ = {
			isa = PBXGroup;
			children = (
				36E48CBD2CA5F1490099622D /* Preview Assets.xcassets */,
			);
			path = "Preview Content";
			sourceTree = "<group>";
		};
		36E48CC62CA5F1490099622D /* MainMovieProjectTests */ = {
			isa = PBXGroup;
			children = (
				36E48CC72CA5F1490099622D /* MainMovieProjectTests.swift */,
			);
			path = MainMovieProjectTests;
			sourceTree = "<group>";
		};
		36E48CD02CA5F1490099622D /* MainMovieProjectUITests */ = {
			isa = PBXGroup;
			children = (
				36E48CD12CA5F1490099622D /* MainMovieProjectUITests.swift */,
				36E48CD32CA5F1490099622D /* MainMovieProjectUITestsLaunchTests.swift */,
			);
			path = MainMovieProjectUITests;
			sourceTree = "<group>";
		};
/* End PBXGroup section */

/* Begin PBXNativeTarget section */
		36E48CB12CA5F1480099622D /* MainMovieProject */ = {
			isa = PBXNativeTarget;
			buildConfigurationList = 36E48CD72CA5F1490099622D /* Build configuration list for PBXNativeTarget "MainMovieProject" */;
			buildPhases = (
				36E48CAE2CA5F1480099622D /* Sources */,
				36E48CAF2CA5F1480099622D /* Frameworks */,
				36E48CB02CA5F1480099622D /* Resources */,
			);
			buildRules = (
			);
			dependencies = (
			);
			name = MainMovieProject;
			packageProductDependencies = (
				36E48CE92CA5F3CC0099622D /* LoginPackage */,
			);
			productName = MainMovieProject;
			productReference = 36E48CB22CA5F1480099622D /* MainMovieProject.app */;
			productType = "com.apple.product-type.application";
		};
		36E48CC22CA5F1490099622D /* MainMovieProjectTests */ = {
			isa = PBXNativeTarget;
			buildConfigurationList = 36E48CDA2CA5F1490099622D /* Build configuration list for PBXNativeTarget "MainMovieProjectTests" */;
			buildPhases = (
				36E48CBF2CA5F1490099622D /* Sources */,
				36E48CC02CA5F1490099622D /* Frameworks */,
				36E48CC12CA5F1490099622D /* Resources */,
			);
			buildRules = (
			);
			dependencies = (
				36E48CC52CA5F1490099622D /* PBXTargetDependency */,
			);
			name = MainMovieProjectTests;
			productName = MainMovieProjectTests;
			productReference = 36E48CC32CA5F1490099622D /* MainMovieProjectTests.xctest */;
			productType = "com.apple.product-type.bundle.unit-test";
		};
		36E48CCC2CA5F1490099622D /* MainMovieProjectUITests */ = {
			isa = PBXNativeTarget;
			buildConfigurationList = 36E48CDD2CA5F1490099622D /* Build configuration list for PBXNativeTarget "MainMovieProjectUITests" */;
			buildPhases = (
				36E48CC92CA5F1490099622D /* Sources */,
				36E48CCA2CA5F1490099622D /* Frameworks */,
				36E48CCB2CA5F1490099622D /* Resources */,
			);
			buildRules = (
			);
			dependencies = (
				36E48CCF2CA5F1490099622D /* PBXTargetDependency */,
			);
			name = MainMovieProjectUITests;
			productName = MainMovieProjectUITests;
			productReference = 36E48CCD2CA5F1490099622D /* MainMovieProjectUITests.xctest */;
			productType = "com.apple.product-type.bundle.ui-testing";
		};
/* End PBXNativeTarget section */

/* Begin PBXProject section */
		36E48CAA2CA5F1480099622D /* Project object */ = {
			isa = PBXProject;
			attributes = {
				BuildIndependentTargetsInParallel = 1;
				LastSwiftUpdateCheck = 1540;
				LastUpgradeCheck = 1540;
				TargetAttributes = {
					36E48CB12CA5F1480099622D = {
						CreatedOnToolsVersion = 15.4;
					};
					36E48CC22CA5F1490099622D = {
						CreatedOnToolsVersion = 15.4;
						TestTargetID = 36E48CB12CA5F1480099622D;
					};
					36E48CCC2CA5F1490099622D = {
						CreatedOnToolsVersion = 15.4;
						TestTargetID = 36E48CB12CA5F1480099622D;
					};
				};
			};
			buildConfigurationList = 36E48CAD2CA5F1480099622D /* Build configuration list for PBXProject "MainMovieProject" */;
			compatibilityVersion = "Xcode 14.0";
			developmentRegion = en;
			hasScannedForEncodings = 0;
			knownRegions = (
				en,
				Base,
			);
			mainGroup = 36E48CA92CA5F1480099622D;
			packageReferences = (
				36E48CE82CA5F3CC0099622D /* XCLocalSwiftPackageReference "../LoginPackage" */,
			);
			productRefGroup = 36E48CB32CA5F1480099622D /* Products */;
			projectDirPath = "";
			projectRoot = "";
			targets = (
				36E48CB12CA5F1480099622D /* MainMovieProject */,
				36E48CC22CA5F1490099622D /* MainMovieProjectTests */,
				36E48CCC2CA5F1490099622D /* MainMovieProjectUITests */,
			);
		};
/* End PBXProject section */

/* Begin PBXResourcesBuildPhase section */
		36E48CB02CA5F1480099622D /* Resources */ = {
			isa = PBXResourcesBuildPhase;
			buildActionMask = 2147483647;
			files = (
			);
			runOnlyForDeploymentPostprocessing = 0;
		};
		36E48CC12CA5F1490099622D /* Resources */ = {
			isa = PBXResourcesBuildPhase;
			buildActionMask = 2147483647;
			files = (
			);
			runOnlyForDeploymentPostprocessing = 0;
		};
		36E48CCB2CA5F1490099622D /* Resources */ = {
			isa = PBXResourcesBuildPhase;
			buildActionMask = 2147483647;
			files = (
			);
			runOnlyForDeploymentPostprocessing = 0;
		};
/* End PBXResourcesBuildPhase section */

/* Begin PBXSourcesBuildPhase section */
		36E48CAE2CA5F1480099622D /* Sources */ = {
			isa = PBXSourcesBuildPhase;
			buildActionMask = 2147483647;
			files = (
				363BFD162CB8825E00984278 /* DIContainer.swift in Sources */,
				367A548B2CB457C8005EA63F /* BackgroundImage.swift in Sources */,
				367A54912CB45A44005EA63F /* MainView.swift in Sources */,
				36759C4A2CAABB5B007F36DB /* AddFavoriteUseCase.swift in Sources */,
				36D23EC12CA9A05900088540 /* TrendingMovieMapper.swift in Sources */,
				36E48CB82CA5F1480099622D /* TrendingView.swift in Sources */,
				36E48CB62CA5F1480099622D /* MainMovieProjectApp.swift in Sources */,
				369CF7442CB2FD1F00A5CAB4 /* Youtubeplayer.swift in Sources */,
				3669EB752CA9AD2F0039A966 /* TrendingMediaRerpository.swift in Sources */,
				36E3D8DE2CB887F900FE87A3 /* PopularView.swift in Sources */,
				36E3D8DC2CB887AD00FE87A3 /* SearchableView.swift in Sources */,
				369CF7402CB2B00800A5CAB4 /* FetchTrailersUseCase.swift in Sources */,
				36378EBD2CA61900008A2F5E /* GenreDataModel.swift in Sources */,
				36759C422CA9B816007F36DB /* GetTrendingUseCase.swift in Sources */,
				369CF73E2CB1CDC400A5CAB4 /* AddwhishlistUseCase.swift in Sources */,
				36D23EBF2CA99DA500088540 /* MovieEntity.swift in Sources */,
				36E48CE52CA5F3720099622D /* MediaCardViewModel.swift in Sources */,
				369CF7462CB2FEB100A5CAB4 /* File.swift in Sources */,
				36759C4C2CAABB71007F36DB /* AddRatingUseCase.swift in Sources */,
				367A548F2CB45829005EA63F /* MediaDetails.swift in Sources */,
				36D23EBD2CA9817700088540 /* TrendingMovieDTO.swift in Sources */,
				36E3D8DA2CB8877C00FE87A3 /* ToolbarView.swift in Sources */,
				3669EB722CA9A7950039A966 /* TrendingMoviesViewModel.swift in Sources */,
				36E48CE32CA5F31D0099622D /* Leftbuttons.swift in Sources */,
				3669EB6D2CA9A6C90039A966 /* MovieNetworkManager.swift in Sources */,
				36759C462CAAB2FA007F36DB /* MediaDetailsRepo.swift in Sources */,
				36E48CE12CA5F2BC0099622D /* MediaCard.swift in Sources */,
				369CF7382CB00D4300A5CAB4 /* RatingView.swift in Sources */,
				367A548D2CB457FD005EA63F /* MediaImage.swift in Sources */,
				36759C4E2CAABB7E007F36DB /* FetchImageUseCase.swift in Sources */,
				36E3D8E02CB8880C00FE87A3 /* MoreView.swift in Sources */,
				369CF7422CB2D32000A5CAB4 /* MovieRSDTO.swift in Sources */,
			);
			runOnlyForDeploymentPostprocessing = 0;
		};
		36E48CBF2CA5F1490099622D /* Sources */ = {
			isa = PBXSourcesBuildPhase;
			buildActionMask = 2147483647;
			files = (
				36E48CC82CA5F1490099622D /* MainMovieProjectTests.swift in Sources */,
			);
			runOnlyForDeploymentPostprocessing = 0;
		};
		36E48CC92CA5F1490099622D /* Sources */ = {
			isa = PBXSourcesBuildPhase;
			buildActionMask = 2147483647;
			files = (
				36E48CD42CA5F1490099622D /* MainMovieProjectUITestsLaunchTests.swift in Sources */,
				36E48CD22CA5F1490099622D /* MainMovieProjectUITests.swift in Sources */,
			);
			runOnlyForDeploymentPostprocessing = 0;
		};
/* End PBXSourcesBuildPhase section */

/* Begin PBXTargetDependency section */
		36E48CC52CA5F1490099622D /* PBXTargetDependency */ = {
			isa = PBXTargetDependency;
			target = 36E48CB12CA5F1480099622D /* MainMovieProject */;
			targetProxy = 36E48CC42CA5F1490099622D /* PBXContainerItemProxy */;
		};
		36E48CCF2CA5F1490099622D /* PBXTargetDependency */ = {
			isa = PBXTargetDependency;
			target = 36E48CB12CA5F1480099622D /* MainMovieProject */;
			targetProxy = 36E48CCE2CA5F1490099622D /* PBXContainerItemProxy */;
		};
/* End PBXTargetDependency section */

/* Begin XCBuildConfiguration section */
		36E48CD52CA5F1490099622D /* Debug */ = {
			isa = XCBuildConfiguration;
			buildSettings = {
				ALWAYS_SEARCH_USER_PATHS = NO;
				ASSETCATALOG_COMPILER_GENERATE_SWIFT_ASSET_SYMBOL_EXTENSIONS = YES;
				CLANG_ANALYZER_NONNULL = YES;
				CLANG_ANALYZER_NUMBER_OBJECT_CONVERSION = YES_AGGRESSIVE;
				CLANG_CXX_LANGUAGE_STANDARD = "gnu++20";
				CLANG_ENABLE_MODULES = YES;
				CLANG_ENABLE_OBJC_ARC = YES;
				CLANG_ENABLE_OBJC_WEAK = YES;
				CLANG_WARN_BLOCK_CAPTURE_AUTORELEASING = YES;
				CLANG_WARN_BOOL_CONVERSION = YES;
				CLANG_WARN_COMMA = YES;
				CLANG_WARN_CONSTANT_CONVERSION = YES;
				CLANG_WARN_DEPRECATED_OBJC_IMPLEMENTATIONS = YES;
				CLANG_WARN_DIRECT_OBJC_ISA_USAGE = YES_ERROR;
				CLANG_WARN_DOCUMENTATION_COMMENTS = YES;
				CLANG_WARN_EMPTY_BODY = YES;
				CLANG_WARN_ENUM_CONVERSION = YES;
				CLANG_WARN_INFINITE_RECURSION = YES;
				CLANG_WARN_INT_CONVERSION = YES;
				CLANG_WARN_NON_LITERAL_NULL_CONVERSION = YES;
				CLANG_WARN_OBJC_IMPLICIT_RETAIN_SELF = YES;
				CLANG_WARN_OBJC_LITERAL_CONVERSION = YES;
				CLANG_WARN_OBJC_ROOT_CLASS = YES_ERROR;
				CLANG_WARN_QUOTED_INCLUDE_IN_FRAMEWORK_HEADER = YES;
				CLANG_WARN_RANGE_LOOP_ANALYSIS = YES;
				CLANG_WARN_STRICT_PROTOTYPES = YES;
				CLANG_WARN_SUSPICIOUS_MOVE = YES;
				CLANG_WARN_UNGUARDED_AVAILABILITY = YES_AGGRESSIVE;
				CLANG_WARN_UNREACHABLE_CODE = YES;
				CLANG_WARN__DUPLICATE_METHOD_MATCH = YES;
				COPY_PHASE_STRIP = NO;
				DEBUG_INFORMATION_FORMAT = dwarf;
				ENABLE_STRICT_OBJC_MSGSEND = YES;
				ENABLE_TESTABILITY = YES;
				ENABLE_USER_SCRIPT_SANDBOXING = YES;
				GCC_C_LANGUAGE_STANDARD = gnu17;
				GCC_DYNAMIC_NO_PIC = NO;
				GCC_NO_COMMON_BLOCKS = YES;
				GCC_OPTIMIZATION_LEVEL = 0;
				GCC_PREPROCESSOR_DEFINITIONS = (
					"DEBUG=1",
					"$(inherited)",
				);
				GCC_WARN_64_TO_32_BIT_CONVERSION = YES;
				GCC_WARN_ABOUT_RETURN_TYPE = YES_ERROR;
				GCC_WARN_UNDECLARED_SELECTOR = YES;
				GCC_WARN_UNINITIALIZED_AUTOS = YES_AGGRESSIVE;
				GCC_WARN_UNUSED_FUNCTION = YES;
				GCC_WARN_UNUSED_VARIABLE = YES;
				LOCALIZATION_PREFERS_STRING_CATALOGS = YES;
				MTL_ENABLE_DEBUG_INFO = INCLUDE_SOURCE;
				MTL_FAST_MATH = YES;
				ONLY_ACTIVE_ARCH = YES;
				SWIFT_ACTIVE_COMPILATION_CONDITIONS = "DEBUG $(inherited)";
				SWIFT_OPTIMIZATION_LEVEL = "-Onone";
			};
			name = Debug;
		};
		36E48CD62CA5F1490099622D /* Release */ = {
			isa = XCBuildConfiguration;
			buildSettings = {
				ALWAYS_SEARCH_USER_PATHS = NO;
				ASSETCATALOG_COMPILER_GENERATE_SWIFT_ASSET_SYMBOL_EXTENSIONS = YES;
				CLANG_ANALYZER_NONNULL = YES;
				CLANG_ANALYZER_NUMBER_OBJECT_CONVERSION = YES_AGGRESSIVE;
				CLANG_CXX_LANGUAGE_STANDARD = "gnu++20";
				CLANG_ENABLE_MODULES = YES;
				CLANG_ENABLE_OBJC_ARC = YES;
				CLANG_ENABLE_OBJC_WEAK = YES;
				CLANG_WARN_BLOCK_CAPTURE_AUTORELEASING = YES;
				CLANG_WARN_BOOL_CONVERSION = YES;
				CLANG_WARN_COMMA = YES;
				CLANG_WARN_CONSTANT_CONVERSION = YES;
				CLANG_WARN_DEPRECATED_OBJC_IMPLEMENTATIONS = YES;
				CLANG_WARN_DIRECT_OBJC_ISA_USAGE = YES_ERROR;
				CLANG_WARN_DOCUMENTATION_COMMENTS = YES;
				CLANG_WARN_EMPTY_BODY = YES;
				CLANG_WARN_ENUM_CONVERSION = YES;
				CLANG_WARN_INFINITE_RECURSION = YES;
				CLANG_WARN_INT_CONVERSION = YES;
				CLANG_WARN_NON_LITERAL_NULL_CONVERSION = YES;
				CLANG_WARN_OBJC_IMPLICIT_RETAIN_SELF = YES;
				CLANG_WARN_OBJC_LITERAL_CONVERSION = YES;
				CLANG_WARN_OBJC_ROOT_CLASS = YES_ERROR;
				CLANG_WARN_QUOTED_INCLUDE_IN_FRAMEWORK_HEADER = YES;
				CLANG_WARN_RANGE_LOOP_ANALYSIS = YES;
				CLANG_WARN_STRICT_PROTOTYPES = YES;
				CLANG_WARN_SUSPICIOUS_MOVE = YES;
				CLANG_WARN_UNGUARDED_AVAILABILITY = YES_AGGRESSIVE;
				CLANG_WARN_UNREACHABLE_CODE = YES;
				CLANG_WARN__DUPLICATE_METHOD_MATCH = YES;
				COPY_PHASE_STRIP = NO;
				DEBUG_INFORMATION_FORMAT = "dwarf-with-dsym";
				ENABLE_NS_ASSERTIONS = NO;
				ENABLE_STRICT_OBJC_MSGSEND = YES;
				ENABLE_USER_SCRIPT_SANDBOXING = YES;
				GCC_C_LANGUAGE_STANDARD = gnu17;
				GCC_NO_COMMON_BLOCKS = YES;
				GCC_WARN_64_TO_32_BIT_CONVERSION = YES;
				GCC_WARN_ABOUT_RETURN_TYPE = YES_ERROR;
				GCC_WARN_UNDECLARED_SELECTOR = YES;
				GCC_WARN_UNINITIALIZED_AUTOS = YES_AGGRESSIVE;
				GCC_WARN_UNUSED_FUNCTION = YES;
				GCC_WARN_UNUSED_VARIABLE = YES;
				LOCALIZATION_PREFERS_STRING_CATALOGS = YES;
				MTL_ENABLE_DEBUG_INFO = NO;
				MTL_FAST_MATH = YES;
				SWIFT_COMPILATION_MODE = wholemodule;
			};
			name = Release;
		};
		36E48CD82CA5F1490099622D /* Debug */ = {
			isa = XCBuildConfiguration;
			buildSettings = {
				ASSETCATALOG_COMPILER_APPICON_NAME = AppIcon;
				ASSETCATALOG_COMPILER_GLOBAL_ACCENT_COLOR_NAME = AccentColor;
				CODE_SIGN_ENTITLEMENTS = MainMovieProject/MainMovieProject.entitlements;
				CODE_SIGN_STYLE = Automatic;
				CURRENT_PROJECT_VERSION = 1;
				DEVELOPMENT_ASSET_PATHS = "\"MainMovieProject/Preview Content\"";
				DEVELOPMENT_TEAM = D5VQ42K92C;
				ENABLE_HARDENED_RUNTIME = YES;
				ENABLE_PREVIEWS = YES;
				GENERATE_INFOPLIST_FILE = YES;
				"INFOPLIST_KEY_UIApplicationSceneManifest_Generation[sdk=iphoneos*]" = YES;
				"INFOPLIST_KEY_UIApplicationSceneManifest_Generation[sdk=iphonesimulator*]" = YES;
				"INFOPLIST_KEY_UIApplicationSupportsIndirectInputEvents[sdk=iphoneos*]" = YES;
				"INFOPLIST_KEY_UIApplicationSupportsIndirectInputEvents[sdk=iphonesimulator*]" = YES;
				"INFOPLIST_KEY_UILaunchScreen_Generation[sdk=iphoneos*]" = YES;
				"INFOPLIST_KEY_UILaunchScreen_Generation[sdk=iphonesimulator*]" = YES;
				"INFOPLIST_KEY_UIStatusBarStyle[sdk=iphoneos*]" = UIStatusBarStyleDefault;
				"INFOPLIST_KEY_UIStatusBarStyle[sdk=iphonesimulator*]" = UIStatusBarStyleDefault;
				INFOPLIST_KEY_UISupportedInterfaceOrientations = UIInterfaceOrientationPortrait;
				IPHONEOS_DEPLOYMENT_TARGET = 17.5;
				LD_RUNPATH_SEARCH_PATHS = "@executable_path/Frameworks";
				"LD_RUNPATH_SEARCH_PATHS[sdk=macosx*]" = "@executable_path/../Frameworks";
				MACOSX_DEPLOYMENT_TARGET = 13.5;
				MARKETING_VERSION = 1.0;
				PRODUCT_BUNDLE_IDENTIFIER = com.sidemenuTamplate.MainMovieProject;
				PRODUCT_NAME = "$(TARGET_NAME)";
				SDKROOT = auto;
				SUPPORTED_PLATFORMS = "iphoneos iphonesimulator macosx";
				SWIFT_EMIT_LOC_STRINGS = YES;
				SWIFT_VERSION = 5.0;
				TARGETED_DEVICE_FAMILY = "1,2";
			};
			name = Debug;
		};
		36E48CD92CA5F1490099622D /* Release */ = {
			isa = XCBuildConfiguration;
			buildSettings = {
				ASSETCATALOG_COMPILER_APPICON_NAME = AppIcon;
				ASSETCATALOG_COMPILER_GLOBAL_ACCENT_COLOR_NAME = AccentColor;
				CODE_SIGN_ENTITLEMENTS = MainMovieProject/MainMovieProject.entitlements;
				CODE_SIGN_STYLE = Automatic;
				CURRENT_PROJECT_VERSION = 1;
				DEVELOPMENT_ASSET_PATHS = "\"MainMovieProject/Preview Content\"";
				DEVELOPMENT_TEAM = D5VQ42K92C;
				ENABLE_HARDENED_RUNTIME = YES;
				ENABLE_PREVIEWS = YES;
				GENERATE_INFOPLIST_FILE = YES;
				"INFOPLIST_KEY_UIApplicationSceneManifest_Generation[sdk=iphoneos*]" = YES;
				"INFOPLIST_KEY_UIApplicationSceneManifest_Generation[sdk=iphonesimulator*]" = YES;
				"INFOPLIST_KEY_UIApplicationSupportsIndirectInputEvents[sdk=iphoneos*]" = YES;
				"INFOPLIST_KEY_UIApplicationSupportsIndirectInputEvents[sdk=iphonesimulator*]" = YES;
				"INFOPLIST_KEY_UILaunchScreen_Generation[sdk=iphoneos*]" = YES;
				"INFOPLIST_KEY_UILaunchScreen_Generation[sdk=iphonesimulator*]" = YES;
				"INFOPLIST_KEY_UIStatusBarStyle[sdk=iphoneos*]" = UIStatusBarStyleDefault;
				"INFOPLIST_KEY_UIStatusBarStyle[sdk=iphonesimulator*]" = UIStatusBarStyleDefault;
				INFOPLIST_KEY_UISupportedInterfaceOrientations = UIInterfaceOrientationPortrait;
				IPHONEOS_DEPLOYMENT_TARGET = 17.5;
				LD_RUNPATH_SEARCH_PATHS = "@executable_path/Frameworks";
				"LD_RUNPATH_SEARCH_PATHS[sdk=macosx*]" = "@executable_path/../Frameworks";
				MACOSX_DEPLOYMENT_TARGET = 13.5;
				MARKETING_VERSION = 1.0;
				PRODUCT_BUNDLE_IDENTIFIER = com.sidemenuTamplate.MainMovieProject;
				PRODUCT_NAME = "$(TARGET_NAME)";
				SDKROOT = auto;
				SUPPORTED_PLATFORMS = "iphoneos iphonesimulator macosx";
				SWIFT_EMIT_LOC_STRINGS = YES;
				SWIFT_VERSION = 5.0;
				TARGETED_DEVICE_FAMILY = "1,2";
			};
			name = Release;
		};
		36E48CDB2CA5F1490099622D /* Debug */ = {
			isa = XCBuildConfiguration;
			buildSettings = {
				ALWAYS_EMBED_SWIFT_STANDARD_LIBRARIES = YES;
				BUNDLE_LOADER = "$(TEST_HOST)";
				CODE_SIGN_STYLE = Automatic;
				CURRENT_PROJECT_VERSION = 1;
				DEVELOPMENT_TEAM = D5VQ42K92C;
				GENERATE_INFOPLIST_FILE = YES;
				IPHONEOS_DEPLOYMENT_TARGET = 17.5;
				MACOSX_DEPLOYMENT_TARGET = 14.5;
				MARKETING_VERSION = 1.0;
				PRODUCT_BUNDLE_IDENTIFIER = com.sidemenuTamplate.MainMovieProjectTests;
				PRODUCT_NAME = "$(TARGET_NAME)";
				SDKROOT = auto;
				SUPPORTED_PLATFORMS = "iphoneos iphonesimulator macosx";
				SWIFT_EMIT_LOC_STRINGS = NO;
				SWIFT_VERSION = 5.0;
				TARGETED_DEVICE_FAMILY = "1,2";
				TEST_HOST = "$(BUILT_PRODUCTS_DIR)/MainMovieProject.app/$(BUNDLE_EXECUTABLE_FOLDER_PATH)/MainMovieProject";
			};
			name = Debug;
		};
		36E48CDC2CA5F1490099622D /* Release */ = {
			isa = XCBuildConfiguration;
			buildSettings = {
				ALWAYS_EMBED_SWIFT_STANDARD_LIBRARIES = YES;
				BUNDLE_LOADER = "$(TEST_HOST)";
				CODE_SIGN_STYLE = Automatic;
				CURRENT_PROJECT_VERSION = 1;
				DEVELOPMENT_TEAM = D5VQ42K92C;
				GENERATE_INFOPLIST_FILE = YES;
				IPHONEOS_DEPLOYMENT_TARGET = 17.5;
				MACOSX_DEPLOYMENT_TARGET = 14.5;
				MARKETING_VERSION = 1.0;
				PRODUCT_BUNDLE_IDENTIFIER = com.sidemenuTamplate.MainMovieProjectTests;
				PRODUCT_NAME = "$(TARGET_NAME)";
				SDKROOT = auto;
				SUPPORTED_PLATFORMS = "iphoneos iphonesimulator macosx";
				SWIFT_EMIT_LOC_STRINGS = NO;
				SWIFT_VERSION = 5.0;
				TARGETED_DEVICE_FAMILY = "1,2";
				TEST_HOST = "$(BUILT_PRODUCTS_DIR)/MainMovieProject.app/$(BUNDLE_EXECUTABLE_FOLDER_PATH)/MainMovieProject";
			};
			name = Release;
		};
		36E48CDE2CA5F1490099622D /* Debug */ = {
			isa = XCBuildConfiguration;
			buildSettings = {
				ALWAYS_EMBED_SWIFT_STANDARD_LIBRARIES = YES;
				CODE_SIGN_STYLE = Automatic;
				CURRENT_PROJECT_VERSION = 1;
				DEVELOPMENT_TEAM = D5VQ42K92C;
				GENERATE_INFOPLIST_FILE = YES;
				IPHONEOS_DEPLOYMENT_TARGET = 17.5;
				MACOSX_DEPLOYMENT_TARGET = 14.5;
				MARKETING_VERSION = 1.0;
				PRODUCT_BUNDLE_IDENTIFIER = com.sidemenuTamplate.MainMovieProjectUITests;
				PRODUCT_NAME = "$(TARGET_NAME)";
				SDKROOT = auto;
				SUPPORTED_PLATFORMS = "iphoneos iphonesimulator macosx";
				SWIFT_EMIT_LOC_STRINGS = NO;
				SWIFT_VERSION = 5.0;
				TARGETED_DEVICE_FAMILY = "1,2";
				TEST_TARGET_NAME = MainMovieProject;
			};
			name = Debug;
		};
		36E48CDF2CA5F1490099622D /* Release */ = {
			isa = XCBuildConfiguration;
			buildSettings = {
				ALWAYS_EMBED_SWIFT_STANDARD_LIBRARIES = YES;
				CODE_SIGN_STYLE = Automatic;
				CURRENT_PROJECT_VERSION = 1;
				DEVELOPMENT_TEAM = D5VQ42K92C;
				GENERATE_INFOPLIST_FILE = YES;
				IPHONEOS_DEPLOYMENT_TARGET = 17.5;
				MACOSX_DEPLOYMENT_TARGET = 14.5;
				MARKETING_VERSION = 1.0;
				PRODUCT_BUNDLE_IDENTIFIER = com.sidemenuTamplate.MainMovieProjectUITests;
				PRODUCT_NAME = "$(TARGET_NAME)";
				SDKROOT = auto;
				SUPPORTED_PLATFORMS = "iphoneos iphonesimulator macosx";
				SWIFT_EMIT_LOC_STRINGS = NO;
				SWIFT_VERSION = 5.0;
				TARGETED_DEVICE_FAMILY = "1,2";
				TEST_TARGET_NAME = MainMovieProject;
			};
			name = Release;
		};
/* End XCBuildConfiguration section */

/* Begin XCConfigurationList section */
		36E48CAD2CA5F1480099622D /* Build configuration list for PBXProject "MainMovieProject" */ = {
			isa = XCConfigurationList;
			buildConfigurations = (
				36E48CD52CA5F1490099622D /* Debug */,
				36E48CD62CA5F1490099622D /* Release */,
			);
			defaultConfigurationIsVisible = 0;
			defaultConfigurationName = Release;
		};
		36E48CD72CA5F1490099622D /* Build configuration list for PBXNativeTarget "MainMovieProject" */ = {
			isa = XCConfigurationList;
			buildConfigurations = (
				36E48CD82CA5F1490099622D /* Debug */,
				36E48CD92CA5F1490099622D /* Release */,
			);
			defaultConfigurationIsVisible = 0;
			defaultConfigurationName = Release;
		};
		36E48CDA2CA5F1490099622D /* Build configuration list for PBXNativeTarget "MainMovieProjectTests" */ = {
			isa = XCConfigurationList;
			buildConfigurations = (
				36E48CDB2CA5F1490099622D /* Debug */,
				36E48CDC2CA5F1490099622D /* Release */,
			);
			defaultConfigurationIsVisible = 0;
			defaultConfigurationName = Release;
		};
		36E48CDD2CA5F1490099622D /* Build configuration list for PBXNativeTarget "MainMovieProjectUITests" */ = {
			isa = XCConfigurationList;
			buildConfigurations = (
				36E48CDE2CA5F1490099622D /* Debug */,
				36E48CDF2CA5F1490099622D /* Release */,
			);
			defaultConfigurationIsVisible = 0;
			defaultConfigurationName = Release;
		};
/* End XCConfigurationList section */

/* Begin XCLocalSwiftPackageReference section */
		36E48CE82CA5F3CC0099622D /* XCLocalSwiftPackageReference "../LoginPackage" */ = {
			isa = XCLocalSwiftPackageReference;
			relativePath = ../LoginPackage;
		};
/* End XCLocalSwiftPackageReference section */

/* Begin XCSwiftPackageProductDependency section */
		36E48CE92CA5F3CC0099622D /* LoginPackage */ = {
			isa = XCSwiftPackageProductDependency;
			productName = LoginPackage;
		};
/* End XCSwiftPackageProductDependency section */
	};
	rootObject = 36E48CAA2CA5F1480099622D /* Project object */;
}
